
Microsoft Visual Studio Solution File, Format Version 12.00
# Visual Studio Version 17
VisualStudioVersion = 17.14.36310.24
MinimumVisualStudioVersion = 10.0.40219.1
Project("{FAE04EC0-301F-11D3-BF4B-00C04F79EFBC}") = "NewsAggregator.API", "src\NewsAggregator.API\NewsAggregator.API.csproj", "{C6D24ECE-CA97-4B0B-9EC2-722FEC165A81}"
EndProject
Project("{FAE04EC0-301F-11D3-BF4B-00C04F79EFBC}") = "NewsAggregator.Application", "src\NewsAggregator.Application\NewsAggregator.Application.csproj", "{A675094C-09FD-43E4-8A12-D7143C918ED8}"
EndProject
Project("{FAE04EC0-301F-11D3-BF4B-00C04F79EFBC}") = "NewsAggregator.Domain", "src\NewsAggregator.Domain\NewsAggregator.Domain.csproj", "{28914473-A655-405B-8665-0023CF7E3C2C}"
EndProject
Project("{FAE04EC0-301F-11D3-BF4B-00C04F79EFBC}") = "NewsAggregator.Infrastructure", "src\NewsAggregator.Infrastructure\NewsAggregator.Infrastructure.csproj", "{C1532540-91F1-45FF-9284-26E87C34C124}"
EndProject
Project("{FAE04EC0-301F-11D3-BF4B-00C04F79EFBC}") = "NewsAggregator.Persistence", "src\NewsAggregator.Persistence\NewsAggregator.Persistence.csproj", "{4D221E54-2F37-4F11-A135-A07941E7FDC5}"
EndProject
Global
	GlobalSection(SolutionConfigurationPlatforms) = preSolution
		Debug|Any CPU = Debug|Any CPU
		Release|Any CPU = Release|Any CPU
	EndGlobalSection
	GlobalSection(ProjectConfigurationPlatforms) = postSolution
		{C6D24ECE-CA97-4B0B-9EC2-722FEC165A81}.Debug|Any CPU.ActiveCfg = Debug|Any CPU
		{C6D24ECE-CA97-4B0B-9EC2-722FEC165A81}.Debug|Any CPU.Build.0 = Debug|Any CPU
		{C6D24ECE-CA97-4B0B-9EC2-722FEC165A81}.Release|Any CPU.ActiveCfg = Release|Any CPU
		{C6D24ECE-CA97-4B0B-9EC2-722FEC165A81}.Release|Any CPU.Build.0 = Release|Any CPU
		{A675094C-09FD-43E4-8A12-D7143C918ED8}.Debug|Any CPU.ActiveCfg = Debug|Any CPU
		{A675094C-09FD-43E4-8A12-D7143C918ED8}.Debug|Any CPU.Build.0 = Debug|Any CPU
		{A675094C-09FD-43E4-8A12-D7143C918ED8}.Release|Any CPU.ActiveCfg = Release|Any CPU
		{A675094C-09FD-43E4-8A12-D7143C918ED8}.Release|Any CPU.Build.0 = Release|Any CPU
		{28914473-A655-405B-8665-0023CF7E3C2C}.Debug|Any CPU.ActiveCfg = Debug|Any CPU
		{28914473-A655-405B-8665-0023CF7E3C2C}.Debug|Any CPU.Build.0 = Debug|Any CPU
		{28914473-A655-405B-8665-0023CF7E3C2C}.Release|Any CPU.ActiveCfg = Release|Any CPU
		{28914473-A655-405B-8665-0023CF7E3C2C}.Release|Any CPU.Build.0 = Release|Any CPU
		{C1532540-91F1-45FF-9284-26E87C34C124}.Debug|Any CPU.ActiveCfg = Debug|Any CPU
		{C1532540-91F1-45FF-9284-26E87C34C124}.Debug|Any CPU.Build.0 = Debug|Any CPU
		{C1532540-91F1-45FF-9284-26E87C34C124}.Release|Any CPU.ActiveCfg = Release|Any CPU
		{C1532540-91F1-45FF-9284-26E87C34C124}.Release|Any CPU.Build.0 = Release|Any CPU
		{4D221E54-2F37-4F11-A135-A07941E7FDC5}.Debug|Any CPU.ActiveCfg = Debug|Any CPU
		{4D221E54-2F37-4F11-A135-A07941E7FDC5}.Debug|Any CPU.Build.0 = Debug|Any CPU
		{4D221E54-2F37-4F11-A135-A07941E7FDC5}.Release|Any CPU.ActiveCfg = Release|Any CPU
		{4D221E54-2F37-4F11-A135-A07941E7FDC5}.Release|Any CPU.Build.0 = Release|Any CPU
	EndGlobalSection
	GlobalSection(SolutionProperties) = preSolution
		HideSolutionNode = FALSE
	EndGlobalSection
	GlobalSection(ExtensibilityGlobals) = postSolution
		SolutionGuid = {C2B465CA-5B73-44F2-823A-4B0AABEED3E8}
	EndGlobalSection
EndGlobal
